
Microsoft Visual Studio Solution File, Format Version 11.00
# Visual Studio 2010
Project("{8BC9CEB8-8B4A-11D0-8D11-00A0C91BC942}") = "MySScom", "MySScom.vcxproj", "{E9E969C8-DAA3-7AF0-3F51-E9BD278E8674}"
EndProject
Global
	GlobalSection(SolutionConfigurationPlatforms) = preSolution
		Debug|Win32 = Debug|Win32
		Release|Win32 = Release|Win32
	EndGlobalSection
	GlobalSection(ProjectConfigurationPlatforms) = postSolution
		{E9E969C8-DAA3-7AF0-3F51-E9BD278E8674}.Debug|Win32.ActiveCfg = Debug|Win32
		{E9E969C8-DAA3-7AF0-3F51-E9BD278E8674}.Debug|Win32.Build.0 = Debug|Win32
		{E9E969C8-DAA3-7AF0-3F51-E9BD278E8674}.Release|Win32.ActiveCfg = Release|Win32
		{E9E969C8-DAA3-7AF0-3F51-E9BD278E8674}.Release|Win32.Build.0 = Release|Win32
	EndGlobalSection
	GlobalSection(SolutionProperties) = preSolution
		HideSolutionNode = FALSE
	EndGlobalSection
EndGlobal
