<?xml version="1.0" encoding="utf-8"?>
<Project ToolsVersion="4.0" xmlns="http://schemas.microsoft.com/developer/msbuild/2003">
  <ItemGroup>
    <Filter Include="Source Files">
      <UniqueIdentifier>{c4d7efe3-3bee-41ab-b938-625ade7c53e7}</UniqueIdentifier>
      <Extensions>cpp;c;cxx;rc;def;r;odl;idl;hpj;bat</Extensions>
    </Filter>
    <Filter Include="Header Files">
      <UniqueIdentifier>{fa60ddaa-d8f9-4116-961a-956f9a1e9279}</UniqueIdentifier>
      <Extensions>h;hpp;hxx;hm;inl</Extensions>
    </Filter>
    <Filter Include="Resource Files">
      <UniqueIdentifier>{7fb0f679-5009-4126-8155-f891d5b4ff68}</UniqueIdentifier>
      <Extensions>ico;cur;bmp;dlg;rc2;rct;bin;rgs;gif;jpg;jpeg;jpe</Extensions>
    </Filter>
  </ItemGroup>
  <ItemGroup>
    <ClCompile Include="MySScom.cpp">
      <Filter>Source Files</Filter>
    </ClCompile>
    <ClCompile Include="MySScomDlg.cpp">
      <Filter>Source Files</Filter>
    </ClCompile>
    <ClCompile Include="StdAfx.cpp">
      <Filter>Source Files</Filter>
    </ClCompile>
    <ClCompile Include="MySScomTool.cpp">
      <Filter>Source Files</Filter>
    </ClCompile>
    <ClCompile Include="DialogAutoReply.cpp">
      <Filter>Source Files</Filter>
    </ClCompile>
    <ClCompile Include="DialogAboutMe.cpp">
      <Filter>Source Files</Filter>
    </ClCompile>
    <ClCompile Include="DialogExtrafunct.cpp">
      <Filter>Source Files</Filter>
    </ClCompile>
    <ClCompile Include="DialogDisplayFilt.cpp">
      <Filter>Source Files</Filter>
    </ClCompile>
    <ClCompile Include="DialogSuperSend.cpp">
      <Filter>Source Files</Filter>
    </ClCompile>
    <ClCompile Include="ThreadSerial.cpp">
      <Filter>Source Files</Filter>
    </ClCompile>
    <ClCompile Include="DialogKeywords.cpp">
      <Filter>Source Files</Filter>
    </ClCompile>
  </ItemGroup>
  <ItemGroup>
    <ResourceCompile Include="MySScom.rc">
      <Filter>Source Files</Filter>
    </ResourceCompile>
  </ItemGroup>
  <ItemGroup>
    <ClInclude Include="Basetsd.h">
      <Filter>Header Files</Filter>
    </ClInclude>
    <ClInclude Include="EasySize.h">
      <Filter>Header Files</Filter>
    </ClInclude>
    <ClInclude Include="MySScom.h">
      <Filter>Header Files</Filter>
    </ClInclude>
    <ClInclude Include="MySScomDlg.h">
      <Filter>Header Files</Filter>
    </ClInclude>
    <ClInclude Include="Resource.h">
      <Filter>Header Files</Filter>
    </ClInclude>
    <ClInclude Include="StdAfx.h">
      <Filter>Header Files</Filter>
    </ClInclude>
    <ClInclude Include="MySScomTool.h">
      <Filter>Header Files</Filter>
    </ClInclude>
    <ClInclude Include="DialogAutoReply.h">
      <Filter>Header Files</Filter>
    </ClInclude>
    <ClInclude Include="DialogAboutMe.h">
      <Filter>Header Files</Filter>
    </ClInclude>
    <ClInclude Include="DialogExtrafunct.h">
      <Filter>Header Files</Filter>
    </ClInclude>
    <ClInclude Include="DialogDisplaylFilt.h">
      <Filter>Header Files</Filter>
    </ClInclude>
    <ClInclude Include="DialogSuperSend.h">
      <Filter>Header Files</Filter>
    </ClInclude>
    <ClInclude Include="ThreadSerial.h">
      <Filter>Header Files</Filter>
    </ClInclude>
    <ClInclude Include="DialogKeywords.h">
      <Filter>Header Files</Filter>
    </ClInclude>
  </ItemGroup>
  <ItemGroup>
    <CustomBuild Include="res\MySScom.ico">
      <Filter>Resource Files</Filter>
    </CustomBuild>
    <CustomBuild Include="res\MySScom.rc2">
      <Filter>Resource Files</Filter>
    </CustomBuild>
    <CustomBuild Include="res\YAXON.bmp">
      <Filter>Resource Files</Filter>
    </CustomBuild>
  </ItemGroup>
  <ItemGroup>
    <None Include="res\LEON.bmp">
      <Filter>Resource Files</Filter>
    </None>
  </ItemGroup>
</Project>